{
  "name": "api",
  "version": "0.0.0",
  "lockfileVersion": 1,
  "requires": true,
  "dependencies": {
    "async": {
      "version": "2.1.4",
      "resolved": "http://registry.npm.taobao.org/async/download/async-2.1.4.tgz",
      "integrity": "sha1-LSFgx3iAMuTdbL4lAvH5osj2zeQ=",
      "requires": {
        "lodash": "4.17.4"
      }
    },
    "base64url": {
      "version": "2.0.0",
      "resolved": "http://registry.npm.taobao.org/base64url/download/base64url-2.0.0.tgz",
      "integrity": "sha1-6sFuA+oUOO/5Qj1puqNiYu0fcLs="
    },
    "basic-auth": {
      "version": "https://registry.npm.taobao.org/basic-auth/download/basic-auth-1.1.0.tgz",
      "integrity": "sha1-RSIe5Cn37h5QNb4/UVM/HN/SmIQ="
    },
    "bluebird": {
      "version": "2.10.2",
      "resolved": "http://registry.npm.taobao.org/bluebird/download/bluebird-2.10.2.tgz",
      "integrity": "sha1-AkpVFylTCIV/FPkfEQb8O1VfRGs="
    },
    "bson": {
      "version": "1.0.4",
      "resolved": "http://registry.npm.taobao.org/bson/download/bson-1.0.4.tgz",
      "integrity": "sha1-k8ENOeqltYQVy8QFLz5T5WKwtyw="
    },
    "buffer-equal-constant-time": {
      "version": "1.0.1",
      "resolved": "http://registry.npm.taobao.org/buffer-equal-constant-time/download/buffer-equal-constant-time-1.0.1.tgz",
      "integrity": "sha1-+OcRMvf/5uAaXJaXpMbz5I1cyBk="
    },
    "buffer-shims": {
      "version": "1.0.0",
      "resolved": "http://registry.npm.taobao.org/buffer-shims/download/buffer-shims-1.0.0.tgz",
      "integrity": "sha1-mXjOMXOIxkmth5MCjDR37wRKi1E="
    },
    "core-util-is": {
      "version": "https://registry.npm.taobao.org/core-util-is/download/core-util-is-1.0.2.tgz",
      "integrity": "sha1-tf1UIgqivFq1eqtxQMlAdUUDwac="
    },
    "debug": {
      "version": "2.6.8",
      "resolved": "http://registry.npm.taobao.org/debug/download/debug-2.6.8.tgz",
      "integrity": "sha1-5zFTHKLt4n0YgiJCfaF4IdaP9Pw=",
      "requires": {
        "ms": "https://registry.npm.taobao.org/ms/download/ms-2.0.0.tgz"
      }
    },
    "depd": {
      "version": "https://registry.npm.taobao.org/depd/download/depd-1.1.0.tgz",
      "integrity": "sha1-4b2Cxqq2ztlluXuIsX7T5SjKGMM="
    },
    "ecdsa-sig-formatter": {
      "version": "1.0.9",
      "resolved": "http://registry.npm.taobao.org/ecdsa-sig-formatter/download/ecdsa-sig-formatter-1.0.9.tgz",
      "integrity": "sha1-S8kmJ07Dtau1AW5+HWCSGsJisqE=",
      "requires": {
        "base64url": "2.0.0",
        "safe-buffer": "https://registry.npm.taobao.org/safe-buffer/download/safe-buffer-5.0.1.tgz"
      }
    },
    "ee-first": {
      "version": "https://registry.npm.taobao.org/ee-first/download/ee-first-1.1.1.tgz",
      "integrity": "sha1-WQxhFWsK4vTwJVcyoViyZrxWsh0="
    },
    "es6-promise": {
      "version": "3.2.1",
      "resolved": "http://registry.npm.taobao.org/es6-promise/download/es6-promise-3.2.1.tgz",
      "integrity": "sha1-7FYjOGgDKQkgcXDDlEjiREndH8Q="
    },
    "hoek": {
      "version": "2.16.3",
      "resolved": "http://registry.npm.taobao.org/hoek/download/hoek-2.16.3.tgz",
      "integrity": "sha1-ILt0A9POo5jpHcRxCo/xuCdKJe0="
    },
    "hooks-fixed": {
      "version": "2.0.0",
      "resolved": "http://registry.npm.taobao.org/hooks-fixed/download/hooks-fixed-2.0.0.tgz",
      "integrity": "sha1-oB2JTVKsf2WZu7H2PfycQR33DLo="
    },
    "inherits": {
      "version": "https://registry.npm.taobao.org/inherits/download/inherits-2.0.3.tgz",
      "integrity": "sha1-Yzwsg+PaQqUC9SRmAiSA9CCCYd4="
    },
    "isemail": {
      "version": "1.2.0",
      "resolved": "http://registry.npm.taobao.org/isemail/download/isemail-1.2.0.tgz",
      "integrity": "sha1-vgPfjMPineTSxd9lASY/H6RZXpo="
    },
    "joi": {
      "version": "6.10.1",
      "resolved": "http://registry.npm.taobao.org/joi/download/joi-6.10.1.tgz",
      "integrity": "sha1-TVDDGAeRIgAP5fFq8f+OGRe3fgY=",
      "requires": {
        "hoek": "2.16.3",
        "isemail": "1.2.0",
        "moment": "2.18.1",
        "topo": "1.1.0"
      }
    },
    "jsonwebtoken": {
      "version": "7.4.1",
      "resolved": "http://registry.npm.taobao.org/jsonwebtoken/download/jsonwebtoken-7.4.1.tgz",
      "integrity": "sha1-fKMk9SFfi+A5zTWmxFu4y3SkSPs=",
      "requires": {
        "joi": "6.10.1",
        "jws": "3.1.4",
        "lodash.once": "4.1.1",
        "ms": "https://registry.npm.taobao.org/ms/download/ms-2.0.0.tgz",
        "xtend": "https://registry.npm.taobao.org/xtend/download/xtend-4.0.1.tgz"
      }
    },
    "jwa": {
      "version": "1.1.5",
      "resolved": "http://registry.npm.taobao.org/jwa/download/jwa-1.1.5.tgz",
      "integrity": "sha1-oFUs4CIHQs1S4VN3SjKQXDDnVuU=",
      "requires": {
        "base64url": "2.0.0",
        "buffer-equal-constant-time": "1.0.1",
        "ecdsa-sig-formatter": "1.0.9",
        "safe-buffer": "https://registry.npm.taobao.org/safe-buffer/download/safe-buffer-5.0.1.tgz"
      }
    },
    "jws": {
      "version": "3.1.4",
      "resolved": "http://registry.npm.taobao.org/jws/download/jws-3.1.4.tgz",
      "integrity": "sha1-+ei5M46KhHJ31kRLFGT2GIDgUKI=",
      "requires": {
        "base64url": "2.0.0",
        "jwa": "1.1.5",
        "safe-buffer": "https://registry.npm.taobao.org/safe-buffer/download/safe-buffer-5.0.1.tgz"
      }
    },
    "jwt-simple": {
      "version": "0.5.1",
      "resolved": "http://registry.npm.taobao.org/jwt-simple/download/jwt-simple-0.5.1.tgz",
      "integrity": "sha1-eeoBiRth3mto4T5nwLS1vak3spQ="
    },
    "kareem": {
      "version": "1.4.1",
      "resolved": "http://registry.npm.taobao.org/kareem/download/kareem-1.4.1.tgz",
      "integrity": "sha1-7XYgAET6BB7zK02oJh4lU/EXNTE="
    },
    "lodash": {
      "version": "4.17.4",
      "resolved": "http://registry.npm.taobao.org/lodash/download/lodash-4.17.4.tgz",
      "integrity": "sha1-eCA6TRwyiuHYbcpkYONptX9AVa4="
    },
    "lodash.once": {
      "version": "4.1.1",
      "resolved": "http://registry.npm.taobao.org/lodash.once/download/lodash.once-4.1.1.tgz",
      "integrity": "sha1-DdOXEhPHxW34gJd9UEyI+0cal6w="
    },
    "moment": {
      "version": "2.18.1",
      "resolved": "http://registry.npm.taobao.org/moment/download/moment-2.18.1.tgz",
      "integrity": "sha1-w2GT3Tzhwu7SrbfIAtu8d6gbHA8="
    },
    "mongodb": {
      "version": "2.2.27",
      "resolved": "http://registry.npm.taobao.org/mongodb/download/mongodb-2.2.27.tgz",
      "integrity": "sha1-NBIgNNtm2YO89qta2yaiSnD+9uY=",
      "requires": {
        "es6-promise": "3.2.1",
        "mongodb-core": "2.1.11",
        "readable-stream": "2.2.7"
      },
      "dependencies": {
        "isarray": {
          "version": "1.0.0",
          "resolved": "http://registry.npm.taobao.org/isarray/download/isarray-1.0.0.tgz",
          "integrity": "sha1-u5NdSFgsuhaMBoNJV6VKPgcSTxE="
        },
        "readable-stream": {
          "version": "2.2.7",
          "resolved": "http://registry.npm.taobao.org/readable-stream/download/readable-stream-2.2.7.tgz",
          "integrity": "sha1-BwV6y+JGeyIELTb5jFrVBwVOlbE=",
          "requires": {
            "buffer-shims": "1.0.0",
            "core-util-is": "https://registry.npm.taobao.org/core-util-is/download/core-util-is-1.0.2.tgz",
            "inherits": "https://registry.npm.taobao.org/inherits/download/inherits-2.0.3.tgz",
            "isarray": "1.0.0",
            "process-nextick-args": "https://registry.npm.taobao.org/process-nextick-args/download/process-nextick-args-1.0.7.tgz",
            "string_decoder": "1.0.2",
            "util-deprecate": "https://registry.npm.taobao.org/util-deprecate/download/util-deprecate-1.0.2.tgz"
          }
        },
        "string_decoder": {
          "version": "1.0.2",
          "resolved": "http://registry.npm.taobao.org/string_decoder/download/string_decoder-1.0.2.tgz",
          "integrity": "sha1-sp4fThEl+pehA4K4pTNze3SR4Xk=",
          "requires": {
            "safe-buffer": "https://registry.npm.taobao.org/safe-buffer/download/safe-buffer-5.0.1.tgz"
          }
        }
      }
    },
    "mongodb-core": {
      "version": "2.1.11",
      "resolved": "http://registry.npm.taobao.org/mongodb-core/download/mongodb-core-2.1.11.tgz",
      "integrity": "sha1-HDh3bOsXSZepnCiGDu2QKNqbPho=",
      "requires": {
        "bson": "1.0.4",
        "require_optional": "1.0.1"
      }
    },
    "mongoose": {
      "version": "4.10.6",
      "resolved": "http://registry.npm.taobao.org/mongoose/download/mongoose-4.10.6.tgz",
      "integrity": "sha1-zFfa2Mi5FFy9LKVpalCBqVno/Ng=",
      "requires": {
        "async": "2.1.4",
        "bson": "1.0.4",
        "hooks-fixed": "2.0.0",
        "kareem": "1.4.1",
        "mongodb": "2.2.27",
        "mpath": "0.3.0",
        "mpromise": "0.5.5",
        "mquery": "2.3.1",
        "ms": "https://registry.npm.taobao.org/ms/download/ms-2.0.0.tgz",
        "muri": "1.2.1",
        "regexp-clone": "0.0.1",
        "sliced": "1.0.1"
      }
    },
    "morgan": {
      "version": "1.8.2",
      "resolved": "http://registry.npm.taobao.org/morgan/download/morgan-1.8.2.tgz",
      "integrity": "sha1-eErHc05KRTqcbm6GgKkyknXItoc=",
      "requires": {
        "basic-auth": "https://registry.npm.taobao.org/basic-auth/download/basic-auth-1.1.0.tgz",
        "debug": "2.6.8",
        "depd": "https://registry.npm.taobao.org/depd/download/depd-1.1.0.tgz",
        "on-finished": "https://registry.npm.taobao.org/on-finished/download/on-finished-2.3.0.tgz",
        "on-headers": "https://registry.npm.taobao.org/on-headers/download/on-headers-1.0.1.tgz"
      }
    },
    "mpath": {
      "version": "0.3.0",
      "resolved": "http://registry.npm.taobao.org/mpath/download/mpath-0.3.0.tgz",
      "integrity": "sha1-elj3iem1/TyUUgY0FXlg8mvV70Q="
    },
    "mpromise": {
      "version": "0.5.5",
      "resolved": "http://registry.npm.taobao.org/mpromise/download/mpromise-0.5.5.tgz",
      "integrity": "sha1-9bJCWddjrMIlewoMjG2Gb9UXMuY="
    },
    "mquery": {
      "version": "2.3.1",
      "resolved": "http://registry.npm.taobao.org/mquery/download/mquery-2.3.1.tgz",
      "integrity": "sha1-mrNnSXFIAP8LtTpoHOS8TV8HyHs=",
      "requires": {
        "bluebird": "2.10.2",
        "debug": "2.6.8",
        "regexp-clone": "0.0.1",
        "sliced": "0.0.5"
      },
      "dependencies": {
        "sliced": {
          "version": "0.0.5",
          "resolved": "http://registry.npm.taobao.org/sliced/download/sliced-0.0.5.tgz",
          "integrity": "sha1-XtwETKTrb3gW1Qui/GPiXY/kcH8="
        }
      }
    },
    "ms": {
      "version": "https://registry.npm.taobao.org/ms/download/ms-2.0.0.tgz",
      "integrity": "sha1-VgiurfwAvmwpAd9fmGF4jeDVl8g="
    },
    "muri": {
      "version": "1.2.1",
      "resolved": "http://registry.npm.taobao.org/muri/download/muri-1.2.1.tgz",
      "integrity": "sha1-7H6lzmympSPrGrNbrNpfqBbJqjw="
    },
    "on-finished": {
      "version": "https://registry.npm.taobao.org/on-finished/download/on-finished-2.3.0.tgz",
      "integrity": "sha1-IPEzZIGwg811M3mSoWlxqi2QaUc=",
      "requires": {
        "ee-first": "https://registry.npm.taobao.org/ee-first/download/ee-first-1.1.1.tgz"
      }
    },
    "on-headers": {
      "version": "https://registry.npm.taobao.org/on-headers/download/on-headers-1.0.1.tgz",
      "integrity": "sha1-ko9dD0cNSTQmUepnlLCFfBAGk/c="
    },
    "path": {
      "version": "0.12.7",
      "resolved": "http://registry.npm.taobao.org/path/download/path-0.12.7.tgz",
      "integrity": "sha1-1NwqUGxM4hl+tIHr/NWzbAFAsQ8=",
      "requires": {
        "process": "0.11.10",
        "util": "0.10.3"
      }
    },
    "process": {
      "version": "0.11.10",
      "resolved": "http://registry.npm.taobao.org/process/download/process-0.11.10.tgz",
      "integrity": "sha1-czIwDoQBYb2j5podHZGn1LwW8YI="
    },
    "process-nextick-args": {
      "version": "https://registry.npm.taobao.org/process-nextick-args/download/process-nextick-args-1.0.7.tgz",
      "integrity": "sha1-FQ4gt1ZZCtP5EJPyWk8q2L/zC6M="
    },
    "regexp-clone": {
      "version": "0.0.1",
      "resolved": "http://registry.npm.taobao.org/regexp-clone/download/regexp-clone-0.0.1.tgz",
      "integrity": "sha1-p8LgmJH9vzj7sQ03b7cwA+aKxYk="
    },
    "require_optional": {
      "version": "1.0.1",
      "resolved": "http://registry.npm.taobao.org/require_optional/download/require_optional-1.0.1.tgz",
      "integrity": "sha1-TPNaQkf2TKPfjC7yCMxJSxyo/C4=",
      "requires": {
        "resolve-from": "2.0.0",
        "semver": "5.3.0"
      }
    },
    "resolve-from": {
      "version": "2.0.0",
      "resolved": "http://registry.npm.taobao.org/resolve-from/download/resolve-from-2.0.0.tgz",
      "integrity": "sha1-lICrIOlP+h2egKgEx+oUdhGWa1c="
    },
    "restc": {
      "version": "0.2.2",
      "resolved": "http://registry.npm.taobao.org/restc/download/restc-0.2.2.tgz",
      "integrity": "sha1-y9P2X6C/Q0exnoYxZQU6SamMNCk="
    },
    "safe-buffer": {
      "version": "https://registry.npm.taobao.org/safe-buffer/download/safe-buffer-5.0.1.tgz",
      "integrity": "sha1-0mPKVGls2KMGtcplUekt5XkY++c="
    },
    "semver": {
      "version": "5.3.0",
      "resolved": "http://registry.npm.taobao.org/semver/download/semver-5.3.0.tgz",
      "integrity": "sha1-myzl094C0XxgEq0yaqa00M9U+U8="
    },
    "sliced": {
      "version": "1.0.1",
      "resolved": "http://registry.npm.taobao.org/sliced/download/sliced-1.0.1.tgz",
      "integrity": "sha1-CzpmK10Ewxd7GSa+qCsD+Dei70E="
    },
    "topo": {
      "version": "1.1.0",
      "resolved": "http://registry.npm.taobao.org/topo/download/topo-1.1.0.tgz",
      "integrity": "sha1-6ddRYV0buH3IZdsYL6HKCl71NtU=",
      "requires": {
        "hoek": "2.16.3"
      }
    },
    "util": {
      "version": "0.10.3",
      "resolved": "http://registry.npm.taobao.org/util/download/util-0.10.3.tgz",
      "integrity": "sha1-evsa/lCAUkZInj23/g7TeTNqwPk=",
      "requires": {
        "inherits": "2.0.1"
      },
      "dependencies": {
        "inherits": {
          "version": "2.0.1",
          "resolved": "http://registry.npm.taobao.org/inherits/download/inherits-2.0.1.tgz",
          "integrity": "sha1-sX0I0ya0Qj5Wjv9xn5GwscvfafE="
        }
      }
    },
    "util-deprecate": {
      "version": "https://registry.npm.taobao.org/util-deprecate/download/util-deprecate-1.0.2.tgz",
      "integrity": "sha1-RQ1Nyfpw3nMnYvvS1KKJgUGaDM8="
    },
    "xtend": {
      "version": "https://registry.npm.taobao.org/xtend/download/xtend-4.0.1.tgz",
      "integrity": "sha1-pcbVMr5lbiPbgg77lDofBJmNY68="
    }
  }
}
